{
  "name": "Vue-karma",
  "version": "0.0.1",
  "lockfileVersion": 1,
  "requires": true,
  "dependencies": {
    "karma-firefox-launcher": {
      "version": "1.0.1",
      "resolved": "https://registry.npmjs.org/karma-firefox-launcher/-/karma-firefox-launcher-1.0.1.tgz",
      "integrity": "sha1-zlj0fCATqIFW1VpdYTN8CZz1u1E=",
      "dev": true
    }
  }
}
